// !$*UTF8*$!
{
	archiveVersion = 1;
	classes = {
	};
	objectVersion = 56;
	objects = {

/* Begin PBXBuildFile section */
		C5AAAF142C19FF7600003D24 /* HeaderView.swift in Sources */ = {isa = PBXBuildFile; fileRef = C5AAAF132C19FF7600003D24 /* HeaderView.swift */; };
		C5AAAF162C1A164900003D24 /* DevEnums.swift in Sources */ = {isa = PBXBuildFile; fileRef = C5AAAF152C1A164900003D24 /* DevEnums.swift */; };
		C5AAAF1D2C1A1AD700003D24 /* SelectionTestView.swift in Sources */ = {isa = PBXBuildFile; fileRef = C5AAAF1C2C1A1AD700003D24 /* SelectionTestView.swift */; };
		C5AAAF1F2C1A1AFA00003D24 /* SelectionViewController.swift in Sources */ = {isa = PBXBuildFile; fileRef = C5AAAF1E2C1A1AFA00003D24 /* SelectionViewController.swift */; };
		C5AAAF222C1A1B7D00003D24 /* SelectionTestCollectionViewCell.swift in Sources */ = {isa = PBXBuildFile; fileRef = C5AAAF212C1A1B7D00003D24 /* SelectionTestCollectionViewCell.swift */; };
		C5AAAF242C1A1BC000003D24 /* SelectionTestDataSource.swift in Sources */ = {isa = PBXBuildFile; fileRef = C5AAAF232C1A1BC000003D24 /* SelectionTestDataSource.swift */; };
		C5AAAF262C1A1CD400003D24 /* SelectionTestEnums.swift in Sources */ = {isa = PBXBuildFile; fileRef = C5AAAF252C1A1CD400003D24 /* SelectionTestEnums.swift */; };
		C5AAAF292C1B58A900003D24 /* SelectionTestPresenter.swift in Sources */ = {isa = PBXBuildFile; fileRef = C5AAAF282C1B58A900003D24 /* SelectionTestPresenter.swift */; };
		C5AAAF2B2C1B631800003D24 /* DevCategoryCollectionDelegate.swift in Sources */ = {isa = PBXBuildFile; fileRef = C5AAAF2A2C1B631800003D24 /* DevCategoryCollectionDelegate.swift */; };
		C5AAAF302C1B7F6F00003D24 /* QuizView.swift in Sources */ = {isa = PBXBuildFile; fileRef = C5AAAF2F2C1B7F6F00003D24 /* QuizView.swift */; };
		C5AAAF322C1C7D6C00003D24 /* QuizPresenter.swift in Sources */ = {isa = PBXBuildFile; fileRef = C5AAAF312C1C7D6C00003D24 /* QuizPresenter.swift */; };
		C5AAAF342C1C92B500003D24 /* QuizViewController.swift in Sources */ = {isa = PBXBuildFile; fileRef = C5AAAF332C1C92B500003D24 /* QuizViewController.swift */; };
		C5AAAF362C1C957500003D24 /* SelectionTestDelegate.swift in Sources */ = {isa = PBXBuildFile; fileRef = C5AAAF352C1C957500003D24 /* SelectionTestDelegate.swift */; };
		C5AAAF382C1CA20600003D24 /* QuizEnums.swift in Sources */ = {isa = PBXBuildFile; fileRef = C5AAAF372C1CA20600003D24 /* QuizEnums.swift */; };
		C5AAAF3E2C1CA66000003D24 /* ResultView.swift in Sources */ = {isa = PBXBuildFile; fileRef = C5AAAF3D2C1CA66000003D24 /* ResultView.swift */; };
		C5AAAF402C1CB15200003D24 /* ImageFactory.swift in Sources */ = {isa = PBXBuildFile; fileRef = C5AAAF3F2C1CB15200003D24 /* ImageFactory.swift */; };
		C5AAAF422C1CBD7000003D24 /* ResultViewController.swift in Sources */ = {isa = PBXBuildFile; fileRef = C5AAAF412C1CBD7000003D24 /* ResultViewController.swift */; };
		C5AAAF442C1E0E2100003D24 /* ResultPresenter.swift in Sources */ = {isa = PBXBuildFile; fileRef = C5AAAF432C1E0E2100003D24 /* ResultPresenter.swift */; };
		C5AAAF462C1F1C2600003D24 /* ResultEnum.swift in Sources */ = {isa = PBXBuildFile; fileRef = C5AAAF452C1F1C2600003D24 /* ResultEnum.swift */; };
		C5AAAF492C1F382500003D24 /* TabBarController.swift in Sources */ = {isa = PBXBuildFile; fileRef = C5AAAF482C1F382500003D24 /* TabBarController.swift */; };
		C5AAAF4E2C1F637900003D24 /* HistoryView.swift in Sources */ = {isa = PBXBuildFile; fileRef = C5AAAF4D2C1F637900003D24 /* HistoryView.swift */; };
		C5AAAF512C1F63B700003D24 /* HistoryCollectionViewCell.swift in Sources */ = {isa = PBXBuildFile; fileRef = C5AAAF502C1F63B700003D24 /* HistoryCollectionViewCell.swift */; };
		C5AAAF532C1F81AA00003D24 /* HistoryDataSource.swift in Sources */ = {isa = PBXBuildFile; fileRef = C5AAAF522C1F81AA00003D24 /* HistoryDataSource.swift */; };
		C5AAAF552C1F825100003D24 /* HistoryViewController.swift in Sources */ = {isa = PBXBuildFile; fileRef = C5AAAF542C1F825100003D24 /* HistoryViewController.swift */; };
		C5AAAF572C1F833D00003D24 /* HistoryPresenter.swift in Sources */ = {isa = PBXBuildFile; fileRef = C5AAAF562C1F833D00003D24 /* HistoryPresenter.swift */; };
		C5B2EEF22C1739E4008A9ABC /* AppDelegate.swift in Sources */ = {isa = PBXBuildFile; fileRef = C5B2EEF12C1739E4008A9ABC /* AppDelegate.swift */; };
		C5B2EEF42C1739E4008A9ABC /* SceneDelegate.swift in Sources */ = {isa = PBXBuildFile; fileRef = C5B2EEF32C1739E4008A9ABC /* SceneDelegate.swift */; };
		C5B2EEF62C1739E4008A9ABC /* DevCategoryViewController.swift in Sources */ = {isa = PBXBuildFile; fileRef = C5B2EEF52C1739E4008A9ABC /* DevCategoryViewController.swift */; };
		C5B2EEFC2C1739E4008A9ABC /* DevQuiz.xcdatamodeld in Sources */ = {isa = PBXBuildFile; fileRef = C5B2EEFA2C1739E4008A9ABC /* DevQuiz.xcdatamodeld */; };
		C5B2EEFE2C1739EA008A9ABC /* Assets.xcassets in Resources */ = {isa = PBXBuildFile; fileRef = C5B2EEFD2C1739EA008A9ABC /* Assets.xcassets */; };
		C5B2EF012C1739EA008A9ABC /* Base in Resources */ = {isa = PBXBuildFile; fileRef = C5B2EF002C1739EA008A9ABC /* Base */; };
		C5B2EF0E2C174905008A9ABC /* DevCategoryView.swift in Sources */ = {isa = PBXBuildFile; fileRef = C5B2EF0D2C174905008A9ABC /* DevCategoryView.swift */; };
		C5B2EF102C174A2F008A9ABC /* DevCategoryCollectionViewCell.swift in Sources */ = {isa = PBXBuildFile; fileRef = C5B2EF0F2C174A2F008A9ABC /* DevCategoryCollectionViewCell.swift */; };
		C5B2EF122C174B8E008A9ABC /* LabelFactory.swift in Sources */ = {isa = PBXBuildFile; fileRef = C5B2EF112C174B8E008A9ABC /* LabelFactory.swift */; };
		C5B2EF152C174D67008A9ABC /* BackgroundViewFactory.swift in Sources */ = {isa = PBXBuildFile; fileRef = C5B2EF142C174D67008A9ABC /* BackgroundViewFactory.swift */; };
		C5B2EF172C174F6F008A9ABC /* StackFactory.swift in Sources */ = {isa = PBXBuildFile; fileRef = C5B2EF162C174F6F008A9ABC /* StackFactory.swift */; };
		C5B2EF1C2C175D6B008A9ABC /* DevCategoriesResponse.swift in Sources */ = {isa = PBXBuildFile; fileRef = C5B2EF1B2C175D6B008A9ABC /* DevCategoriesResponse.swift */; };
		C5B2EF1E2C175EF2008A9ABC /* MockDataService.swift in Sources */ = {isa = PBXBuildFile; fileRef = C5B2EF1D2C175EF2008A9ABC /* MockDataService.swift */; };
		C5B2EF202C1760F1008A9ABC /* DevCategoryDataSource.swift in Sources */ = {isa = PBXBuildFile; fileRef = C5B2EF1F2C1760F1008A9ABC /* DevCategoryDataSource.swift */; };
		C5B2EF222C176357008A9ABC /* DevCategoryPresenter.swift in Sources */ = {isa = PBXBuildFile; fileRef = C5B2EF212C176357008A9ABC /* DevCategoryPresenter.swift */; };
/* End PBXBuildFile section */

/* Begin PBXFileReference section */
		C5AAAF132C19FF7600003D24 /* HeaderView.swift */ = {isa = PBXFileReference; lastKnownFileType = sourcecode.swift; path = HeaderView.swift; sourceTree = "<group>"; };
		C5AAAF152C1A164900003D24 /* DevEnums.swift */ = {isa = PBXFileReference; lastKnownFileType = sourcecode.swift; path = DevEnums.swift; sourceTree = "<group>"; };
		C5AAAF1C2C1A1AD700003D24 /* SelectionTestView.swift */ = {isa = PBXFileReference; lastKnownFileType = sourcecode.swift; path = SelectionTestView.swift; sourceTree = "<group>"; };
		C5AAAF1E2C1A1AFA00003D24 /* SelectionViewController.swift */ = {isa = PBXFileReference; lastKnownFileType = sourcecode.swift; path = SelectionViewController.swift; sourceTree = "<group>"; };
		C5AAAF212C1A1B7D00003D24 /* SelectionTestCollectionViewCell.swift */ = {isa = PBXFileReference; lastKnownFileType = sourcecode.swift; path = SelectionTestCollectionViewCell.swift; sourceTree = "<group>"; };
		C5AAAF232C1A1BC000003D24 /* SelectionTestDataSource.swift */ = {isa = PBXFileReference; lastKnownFileType = sourcecode.swift; path = SelectionTestDataSource.swift; sourceTree = "<group>"; };
		C5AAAF252C1A1CD400003D24 /* SelectionTestEnums.swift */ = {isa = PBXFileReference; lastKnownFileType = sourcecode.swift; path = SelectionTestEnums.swift; sourceTree = "<group>"; };
		C5AAAF282C1B58A900003D24 /* SelectionTestPresenter.swift */ = {isa = PBXFileReference; lastKnownFileType = sourcecode.swift; path = SelectionTestPresenter.swift; sourceTree = "<group>"; };
		C5AAAF2A2C1B631800003D24 /* DevCategoryCollectionDelegate.swift */ = {isa = PBXFileReference; lastKnownFileType = sourcecode.swift; path = DevCategoryCollectionDelegate.swift; sourceTree = "<group>"; };
		C5AAAF2F2C1B7F6F00003D24 /* QuizView.swift */ = {isa = PBXFileReference; lastKnownFileType = sourcecode.swift; path = QuizView.swift; sourceTree = "<group>"; };
		C5AAAF312C1C7D6C00003D24 /* QuizPresenter.swift */ = {isa = PBXFileReference; lastKnownFileType = sourcecode.swift; path = QuizPresenter.swift; sourceTree = "<group>"; };
		C5AAAF332C1C92B500003D24 /* QuizViewController.swift */ = {isa = PBXFileReference; lastKnownFileType = sourcecode.swift; path = QuizViewController.swift; sourceTree = "<group>"; };
		C5AAAF352C1C957500003D24 /* SelectionTestDelegate.swift */ = {isa = PBXFileReference; lastKnownFileType = sourcecode.swift; path = SelectionTestDelegate.swift; sourceTree = "<group>"; };
		C5AAAF372C1CA20600003D24 /* QuizEnums.swift */ = {isa = PBXFileReference; lastKnownFileType = sourcecode.swift; path = QuizEnums.swift; sourceTree = "<group>"; };
		C5AAAF3D2C1CA66000003D24 /* ResultView.swift */ = {isa = PBXFileReference; lastKnownFileType = sourcecode.swift; path = ResultView.swift; sourceTree = "<group>"; };
		C5AAAF3F2C1CB15200003D24 /* ImageFactory.swift */ = {isa = PBXFileReference; lastKnownFileType = sourcecode.swift; path = ImageFactory.swift; sourceTree = "<group>"; };
		C5AAAF412C1CBD7000003D24 /* ResultViewController.swift */ = {isa = PBXFileReference; lastKnownFileType = sourcecode.swift; path = ResultViewController.swift; sourceTree = "<group>"; };
		C5AAAF432C1E0E2100003D24 /* ResultPresenter.swift */ = {isa = PBXFileReference; lastKnownFileType = sourcecode.swift; path = ResultPresenter.swift; sourceTree = "<group>"; };
		C5AAAF452C1F1C2600003D24 /* ResultEnum.swift */ = {isa = PBXFileReference; lastKnownFileType = sourcecode.swift; path = ResultEnum.swift; sourceTree = "<group>"; };
		C5AAAF482C1F382500003D24 /* TabBarController.swift */ = {isa = PBXFileReference; lastKnownFileType = sourcecode.swift; path = TabBarController.swift; sourceTree = "<group>"; };
		C5AAAF4D2C1F637900003D24 /* HistoryView.swift */ = {isa = PBXFileReference; lastKnownFileType = sourcecode.swift; path = HistoryView.swift; sourceTree = "<group>"; };
		C5AAAF502C1F63B700003D24 /* HistoryCollectionViewCell.swift */ = {isa = PBXFileReference; lastKnownFileType = sourcecode.swift; path = HistoryCollectionViewCell.swift; sourceTree = "<group>"; };
		C5AAAF522C1F81AA00003D24 /* HistoryDataSource.swift */ = {isa = PBXFileReference; lastKnownFileType = sourcecode.swift; path = HistoryDataSource.swift; sourceTree = "<group>"; };
		C5AAAF542C1F825100003D24 /* HistoryViewController.swift */ = {isa = PBXFileReference; lastKnownFileType = sourcecode.swift; path = HistoryViewController.swift; sourceTree = "<group>"; };
		C5AAAF562C1F833D00003D24 /* HistoryPresenter.swift */ = {isa = PBXFileReference; lastKnownFileType = sourcecode.swift; path = HistoryPresenter.swift; sourceTree = "<group>"; };
		C5B2EEEE2C1739E4008A9ABC /* DevQuiz.app */ = {isa = PBXFileReference; explicitFileType = wrapper.application; includeInIndex = 0; path = DevQuiz.app; sourceTree = BUILT_PRODUCTS_DIR; };
		C5B2EEF12C1739E4008A9ABC /* AppDelegate.swift */ = {isa = PBXFileReference; lastKnownFileType = sourcecode.swift; path = AppDelegate.swift; sourceTree = "<group>"; };
		C5B2EEF32C1739E4008A9ABC /* SceneDelegate.swift */ = {isa = PBXFileReference; lastKnownFileType = sourcecode.swift; path = SceneDelegate.swift; sourceTree = "<group>"; };
		C5B2EEF52C1739E4008A9ABC /* DevCategoryViewController.swift */ = {isa = PBXFileReference; lastKnownFileType = sourcecode.swift; path = DevCategoryViewController.swift; sourceTree = "<group>"; };
		C5B2EEFB2C1739E4008A9ABC /* DevQuiz.xcdatamodel */ = {isa = PBXFileReference; lastKnownFileType = wrapper.xcdatamodel; path = DevQuiz.xcdatamodel; sourceTree = "<group>"; };
		C5B2EEFD2C1739EA008A9ABC /* Assets.xcassets */ = {isa = PBXFileReference; lastKnownFileType = folder.assetcatalog; path = Assets.xcassets; sourceTree = "<group>"; };
		C5B2EF002C1739EA008A9ABC /* Base */ = {isa = PBXFileReference; lastKnownFileType = file.storyboard; name = Base; path = Base.lproj/LaunchScreen.storyboard; sourceTree = "<group>"; };
		C5B2EF022C1739EA008A9ABC /* Info.plist */ = {isa = PBXFileReference; lastKnownFileType = text.plist.xml; path = Info.plist; sourceTree = "<group>"; };
		C5B2EF0D2C174905008A9ABC /* DevCategoryView.swift */ = {isa = PBXFileReference; lastKnownFileType = sourcecode.swift; path = DevCategoryView.swift; sourceTree = "<group>"; };
		C5B2EF0F2C174A2F008A9ABC /* DevCategoryCollectionViewCell.swift */ = {isa = PBXFileReference; lastKnownFileType = sourcecode.swift; path = DevCategoryCollectionViewCell.swift; sourceTree = "<group>"; };
		C5B2EF112C174B8E008A9ABC /* LabelFactory.swift */ = {isa = PBXFileReference; lastKnownFileType = sourcecode.swift; path = LabelFactory.swift; sourceTree = "<group>"; };
		C5B2EF142C174D67008A9ABC /* BackgroundViewFactory.swift */ = {isa = PBXFileReference; lastKnownFileType = sourcecode.swift; path = BackgroundViewFactory.swift; sourceTree = "<group>"; };
		C5B2EF162C174F6F008A9ABC /* StackFactory.swift */ = {isa = PBXFileReference; lastKnownFileType = sourcecode.swift; path = StackFactory.swift; sourceTree = "<group>"; };
		C5B2EF1B2C175D6B008A9ABC /* DevCategoriesResponse.swift */ = {isa = PBXFileReference; lastKnownFileType = sourcecode.swift; path = DevCategoriesResponse.swift; sourceTree = "<group>"; };
		C5B2EF1D2C175EF2008A9ABC /* MockDataService.swift */ = {isa = PBXFileReference; lastKnownFileType = sourcecode.swift; path = MockDataService.swift; sourceTree = "<group>"; };
		C5B2EF1F2C1760F1008A9ABC /* DevCategoryDataSource.swift */ = {isa = PBXFileReference; lastKnownFileType = sourcecode.swift; path = DevCategoryDataSource.swift; sourceTree = "<group>"; };
		C5B2EF212C176357008A9ABC /* DevCategoryPresenter.swift */ = {isa = PBXFileReference; lastKnownFileType = sourcecode.swift; path = DevCategoryPresenter.swift; sourceTree = "<group>"; };
/* End PBXFileReference section */

/* Begin PBXFrameworksBuildPhase section */
		C5B2EEEB2C1739E4008A9ABC /* Frameworks */ = {
			isa = PBXFrameworksBuildPhase;
			buildActionMask = 2147483647;
			files = (
			);
			runOnlyForDeploymentPostprocessing = 0;
		};
/* End PBXFrameworksBuildPhase section */

/* Begin PBXGroup section */
		C5AAAF172C1A17E300003D24 /* Enum */ = {
			isa = PBXGroup;
			children = (
				C5AAAF152C1A164900003D24 /* DevEnums.swift */,
			);
			path = Enum;
			sourceTree = "<group>";
		};
		C5AAAF182C1A1A2D00003D24 /* SelectionTestScreen */ = {
			isa = PBXGroup;
			children = (
				C5AAAF272C1A1CDA00003D24 /* Enum */,
				C5AAAF1B2C1A1A6B00003D24 /* View */,
				C5AAAF1A2C1A1A6200003D24 /* Presenter */,
			);
			path = SelectionTestScreen;
			sourceTree = "<group>";
		};
		C5AAAF1A2C1A1A6200003D24 /* Presenter */ = {
			isa = PBXGroup;
			children = (
				C5AAAF282C1B58A900003D24 /* SelectionTestPresenter.swift */,
			);
			path = Presenter;
			sourceTree = "<group>";
		};
		C5AAAF1B2C1A1A6B00003D24 /* View */ = {
			isa = PBXGroup;
			children = (
				C5AAAF1E2C1A1AFA00003D24 /* SelectionViewController.swift */,
				C5AAAF1C2C1A1AD700003D24 /* SelectionTestView.swift */,
				C5AAAF202C1A1B4C00003D24 /* CollectionView */,
			);
			path = View;
			sourceTree = "<group>";
		};
		C5AAAF202C1A1B4C00003D24 /* CollectionView */ = {
			isa = PBXGroup;
			children = (
				C5AAAF212C1A1B7D00003D24 /* SelectionTestCollectionViewCell.swift */,
				C5AAAF352C1C957500003D24 /* SelectionTestDelegate.swift */,
				C5AAAF232C1A1BC000003D24 /* SelectionTestDataSource.swift */,
			);
			path = CollectionView;
			sourceTree = "<group>";
		};
		C5AAAF272C1A1CDA00003D24 /* Enum */ = {
			isa = PBXGroup;
			children = (
				C5AAAF252C1A1CD400003D24 /* SelectionTestEnums.swift */,
			);
			path = Enum;
			sourceTree = "<group>";
		};
		C5AAAF2C2C1B7F2D00003D24 /* QuizScreen */ = {
			isa = PBXGroup;
			children = (
				C5AAAF392C1CA24500003D24 /* Enum */,
				C5AAAF2E2C1B7F4600003D24 /* View */,
				C5AAAF2D2C1B7F4000003D24 /* Presenter */,
			);
			path = QuizScreen;
			sourceTree = "<group>";
		};
		C5AAAF2D2C1B7F4000003D24 /* Presenter */ = {
			isa = PBXGroup;
			children = (
				C5AAAF312C1C7D6C00003D24 /* QuizPresenter.swift */,
			);
			path = Presenter;
			sourceTree = "<group>";
		};
		C5AAAF2E2C1B7F4600003D24 /* View */ = {
			isa = PBXGroup;
			children = (
				C5AAAF332C1C92B500003D24 /* QuizViewController.swift */,
				C5AAAF2F2C1B7F6F00003D24 /* QuizView.swift */,
			);
			path = View;
			sourceTree = "<group>";
		};
		C5AAAF392C1CA24500003D24 /* Enum */ = {
			isa = PBXGroup;
			children = (
				C5AAAF372C1CA20600003D24 /* QuizEnums.swift */,
			);
			path = Enum;
			sourceTree = "<group>";
		};
		C5AAAF3A2C1CA62200003D24 /* ResultScreen */ = {
			isa = PBXGroup;
			children = (
				C5AAAF472C1F1C2C00003D24 /* Enum */,
				C5AAAF3C2C1CA64200003D24 /* View */,
				C5AAAF3B2C1CA63C00003D24 /* Presenter */,
			);
			path = ResultScreen;
			sourceTree = "<group>";
		};
		C5AAAF3B2C1CA63C00003D24 /* Presenter */ = {
			isa = PBXGroup;
			children = (
				C5AAAF432C1E0E2100003D24 /* ResultPresenter.swift */,
			);
			path = Presenter;
			sourceTree = "<group>";
		};
		C5AAAF3C2C1CA64200003D24 /* View */ = {
			isa = PBXGroup;
			children = (
				C5AAAF412C1CBD7000003D24 /* ResultViewController.swift */,
				C5AAAF3D2C1CA66000003D24 /* ResultView.swift */,
			);
			path = View;
			sourceTree = "<group>";
		};
		C5AAAF472C1F1C2C00003D24 /* Enum */ = {
			isa = PBXGroup;
			children = (
				C5AAAF452C1F1C2600003D24 /* ResultEnum.swift */,
			);
			path = Enum;
			sourceTree = "<group>";
		};
		C5AAAF4A2C1F3D6300003D24 /* HistoryScreen */ = {
			isa = PBXGroup;
			children = (
				C5AAAF4C2C1F633C00003D24 /* View */,
				C5AAAF4B2C1F633400003D24 /* Presenter */,
			);
			path = HistoryScreen;
			sourceTree = "<group>";
		};
		C5AAAF4B2C1F633400003D24 /* Presenter */ = {
			isa = PBXGroup;
			children = (
				C5AAAF562C1F833D00003D24 /* HistoryPresenter.swift */,
			);
			path = Presenter;
			sourceTree = "<group>";
		};
		C5AAAF4C2C1F633C00003D24 /* View */ = {
			isa = PBXGroup;
			children = (
				C5AAAF542C1F825100003D24 /* HistoryViewController.swift */,
				C5AAAF4D2C1F637900003D24 /* HistoryView.swift */,
				C5AAAF4F2C1F639400003D24 /* CollectionView */,
			);
			path = View;
			sourceTree = "<group>";
		};
		C5AAAF4F2C1F639400003D24 /* CollectionView */ = {
			isa = PBXGroup;
			children = (
				C5AAAF502C1F63B700003D24 /* HistoryCollectionViewCell.swift */,
				C5AAAF522C1F81AA00003D24 /* HistoryDataSource.swift */,
			);
			path = CollectionView;
			sourceTree = "<group>";
		};
		C5B2EEE52C1739E4008A9ABC = {
			isa = PBXGroup;
			children = (
				C5B2EEF02C1739E4008A9ABC /* DevQuiz */,
				C5B2EEEF2C1739E4008A9ABC /* Products */,
			);
			sourceTree = "<group>";
		};
		C5B2EEEF2C1739E4008A9ABC /* Products */ = {
			isa = PBXGroup;
			children = (
				C5B2EEEE2C1739E4008A9ABC /* DevQuiz.app */,
			);
			name = Products;
			sourceTree = "<group>";
		};
		C5B2EEF02C1739E4008A9ABC /* DevQuiz */ = {
			isa = PBXGroup;
			children = (
				C5B2EF082C17482B008A9ABC /* Application */,
				C5B2EF1A2C175D49008A9ABC /* Model */,
				C5B2EF0A2C17485C008A9ABC /* DevCategoryScreen */,
				C5AAAF182C1A1A2D00003D24 /* SelectionTestScreen */,
				C5AAAF2C2C1B7F2D00003D24 /* QuizScreen */,
				C5AAAF3A2C1CA62200003D24 /* ResultScreen */,
				C5AAAF4A2C1F3D6300003D24 /* HistoryScreen */,
				C5B2EF132C174B94008A9ABC /* Factory */,
				C5B2EF092C174837008A9ABC /* Additional */,
				C5B2EF022C1739EA008A9ABC /* Info.plist */,
				C5B2EEFA2C1739E4008A9ABC /* DevQuiz.xcdatamodeld */,
			);
			path = DevQuiz;
			sourceTree = "<group>";
		};
		C5B2EF082C17482B008A9ABC /* Application */ = {
			isa = PBXGroup;
			children = (
				C5B2EEF12C1739E4008A9ABC /* AppDelegate.swift */,
				C5B2EEF32C1739E4008A9ABC /* SceneDelegate.swift */,
				C5AAAF482C1F382500003D24 /* TabBarController.swift */,
			);
			path = Application;
			sourceTree = "<group>";
		};
		C5B2EF092C174837008A9ABC /* Additional */ = {
			isa = PBXGroup;
			children = (
				C5B2EEFD2C1739EA008A9ABC /* Assets.xcassets */,
				C5B2EEFF2C1739EA008A9ABC /* LaunchScreen.storyboard */,
			);
			path = Additional;
			sourceTree = "<group>";
		};
		C5B2EF0A2C17485C008A9ABC /* DevCategoryScreen */ = {
			isa = PBXGroup;
			children = (
				C5AAAF172C1A17E300003D24 /* Enum */,
				C5B2EF0B2C1748A5008A9ABC /* View */,
				C5B2EF0C2C1748AF008A9ABC /* Presenter */,
			);
			path = DevCategoryScreen;
			sourceTree = "<group>";
		};
		C5B2EF0B2C1748A5008A9ABC /* View */ = {
			isa = PBXGroup;
			children = (
				C5B2EEF52C1739E4008A9ABC /* DevCategoryViewController.swift */,
				C5B2EF0D2C174905008A9ABC /* DevCategoryView.swift */,
				C5B2EF182C175BEB008A9ABC /* CollectionView */,
			);
			path = View;
			sourceTree = "<group>";
		};
		C5B2EF0C2C1748AF008A9ABC /* Presenter */ = {
			isa = PBXGroup;
			children = (
				C5B2EF212C176357008A9ABC /* DevCategoryPresenter.swift */,
			);
			path = Presenter;
			sourceTree = "<group>";
		};
		C5B2EF132C174B94008A9ABC /* Factory */ = {
			isa = PBXGroup;
			children = (
				C5B2EF112C174B8E008A9ABC /* LabelFactory.swift */,
				C5B2EF142C174D67008A9ABC /* BackgroundViewFactory.swift */,
				C5B2EF162C174F6F008A9ABC /* StackFactory.swift */,
				C5AAAF3F2C1CB15200003D24 /* ImageFactory.swift */,
			);
			path = Factory;
			sourceTree = "<group>";
		};
		C5B2EF182C175BEB008A9ABC /* CollectionView */ = {
			isa = PBXGroup;
			children = (
				C5B2EF0F2C174A2F008A9ABC /* DevCategoryCollectionViewCell.swift */,
				C5B2EF1F2C1760F1008A9ABC /* DevCategoryDataSource.swift */,
				C5AAAF2A2C1B631800003D24 /* DevCategoryCollectionDelegate.swift */,
				C5AAAF132C19FF7600003D24 /* HeaderView.swift */,
			);
			path = CollectionView;
			sourceTree = "<group>";
		};
		C5B2EF1A2C175D49008A9ABC /* Model */ = {
			isa = PBXGroup;
			children = (
				C5B2EF1B2C175D6B008A9ABC /* DevCategoriesResponse.swift */,
				C5B2EF1D2C175EF2008A9ABC /* MockDataService.swift */,
			);
			path = Model;
			sourceTree = "<group>";
		};
/* End PBXGroup section */

/* Begin PBXNativeTarget section */
		C5B2EEED2C1739E4008A9ABC /* DevQuiz */ = {
			isa = PBXNativeTarget;
			buildConfigurationList = C5B2EF052C1739EA008A9ABC /* Build configuration list for PBXNativeTarget "DevQuiz" */;
			buildPhases = (
				C5B2EEEA2C1739E4008A9ABC /* Sources */,
				C5B2EEEB2C1739E4008A9ABC /* Frameworks */,
				C5B2EEEC2C1739E4008A9ABC /* Resources */,
			);
			buildRules = (
			);
			dependencies = (
			);
			name = DevQuiz;
			productName = DevQuiz;
			productReference = C5B2EEEE2C1739E4008A9ABC /* DevQuiz.app */;
			productType = "com.apple.product-type.application";
		};
/* End PBXNativeTarget section */

/* Begin PBXProject section */
		C5B2EEE62C1739E4008A9ABC /* Project object */ = {
			isa = PBXProject;
			attributes = {
				BuildIndependentTargetsInParallel = 1;
				LastSwiftUpdateCheck = 1540;
				LastUpgradeCheck = 1540;
				TargetAttributes = {
					C5B2EEED2C1739E4008A9ABC = {
						CreatedOnToolsVersion = 15.4;
					};
				};
			};
			buildConfigurationList = C5B2EEE92C1739E4008A9ABC /* Build configuration list for PBXProject "DevQuiz" */;
			compatibilityVersion = "Xcode 14.0";
			developmentRegion = en;
			hasScannedForEncodings = 0;
			knownRegions = (
				en,
				Base,
			);
			mainGroup = C5B2EEE52C1739E4008A9ABC;
			productRefGroup = C5B2EEEF2C1739E4008A9ABC /* Products */;
			projectDirPath = "";
			projectRoot = "";
			targets = (
				C5B2EEED2C1739E4008A9ABC /* DevQuiz */,
			);
		};
/* End PBXProject section */

/* Begin PBXResourcesBuildPhase section */
		C5B2EEEC2C1739E4008A9ABC /* Resources */ = {
			isa = PBXResourcesBuildPhase;
			buildActionMask = 2147483647;
			files = (
				C5B2EEFE2C1739EA008A9ABC /* Assets.xcassets in Resources */,
				C5B2EF012C1739EA008A9ABC /* Base in Resources */,
			);
			runOnlyForDeploymentPostprocessing = 0;
		};
/* End PBXResourcesBuildPhase section */

/* Begin PBXSourcesBuildPhase section */
		C5B2EEEA2C1739E4008A9ABC /* Sources */ = {
			isa = PBXSourcesBuildPhase;
			buildActionMask = 2147483647;
			files = (
				C5B2EF102C174A2F008A9ABC /* DevCategoryCollectionViewCell.swift in Sources */,
				C5AAAF342C1C92B500003D24 /* QuizViewController.swift in Sources */,
				C5AAAF222C1A1B7D00003D24 /* SelectionTestCollectionViewCell.swift in Sources */,
				C5B2EF152C174D67008A9ABC /* BackgroundViewFactory.swift in Sources */,
				C5B2EF202C1760F1008A9ABC /* DevCategoryDataSource.swift in Sources */,
				C5AAAF422C1CBD7000003D24 /* ResultViewController.swift in Sources */,
				C5AAAF3E2C1CA66000003D24 /* ResultView.swift in Sources */,
				C5AAAF1D2C1A1AD700003D24 /* SelectionTestView.swift in Sources */,
				C5AAAF552C1F825100003D24 /* HistoryViewController.swift in Sources */,
				C5B2EEFC2C1739E4008A9ABC /* DevQuiz.xcdatamodeld in Sources */,
				C5AAAF302C1B7F6F00003D24 /* QuizView.swift in Sources */,
				C5B2EEF62C1739E4008A9ABC /* DevCategoryViewController.swift in Sources */,
				C5B2EF1E2C175EF2008A9ABC /* MockDataService.swift in Sources */,
				C5AAAF572C1F833D00003D24 /* HistoryPresenter.swift in Sources */,
				C5AAAF162C1A164900003D24 /* DevEnums.swift in Sources */,
				C5AAAF402C1CB15200003D24 /* ImageFactory.swift in Sources */,
				C5AAAF1F2C1A1AFA00003D24 /* SelectionViewController.swift in Sources */,
				C5AAAF4E2C1F637900003D24 /* HistoryView.swift in Sources */,
				C5AAAF512C1F63B700003D24 /* HistoryCollectionViewCell.swift in Sources */,
				C5B2EF222C176357008A9ABC /* DevCategoryPresenter.swift in Sources */,
				C5B2EF122C174B8E008A9ABC /* LabelFactory.swift in Sources */,
				C5B2EEF22C1739E4008A9ABC /* AppDelegate.swift in Sources */,
				C5AAAF362C1C957500003D24 /* SelectionTestDelegate.swift in Sources */,
				C5B2EF0E2C174905008A9ABC /* DevCategoryView.swift in Sources */,
				C5AAAF242C1A1BC000003D24 /* SelectionTestDataSource.swift in Sources */,
				C5B2EEF42C1739E4008A9ABC /* SceneDelegate.swift in Sources */,
				C5B2EF172C174F6F008A9ABC /* StackFactory.swift in Sources */,
				C5AAAF292C1B58A900003D24 /* SelectionTestPresenter.swift in Sources */,
				C5AAAF492C1F382500003D24 /* TabBarController.swift in Sources */,
				C5AAAF532C1F81AA00003D24 /* HistoryDataSource.swift in Sources */,
				C5AAAF2B2C1B631800003D24 /* DevCategoryCollectionDelegate.swift in Sources */,
				C5AAAF262C1A1CD400003D24 /* SelectionTestEnums.swift in Sources */,
				C5B2EF1C2C175D6B008A9ABC /* DevCategoriesResponse.swift in Sources */,
				C5AAAF442C1E0E2100003D24 /* ResultPresenter.swift in Sources */,
				C5AAAF142C19FF7600003D24 /* HeaderView.swift in Sources */,
				C5AAAF322C1C7D6C00003D24 /* QuizPresenter.swift in Sources */,
				C5AAAF382C1CA20600003D24 /* QuizEnums.swift in Sources */,
				C5AAAF462C1F1C2600003D24 /* ResultEnum.swift in Sources */,
			);
			runOnlyForDeploymentPostprocessing = 0;
		};
/* End PBXSourcesBuildPhase section */

/* Begin PBXVariantGroup section */
		C5B2EEFF2C1739EA008A9ABC /* LaunchScreen.storyboard */ = {
			isa = PBXVariantGroup;
			children = (
				C5B2EF002C1739EA008A9ABC /* Base */,
			);
			name = LaunchScreen.storyboard;
			sourceTree = "<group>";
		};
/* End PBXVariantGroup section */

/* Begin XCBuildConfiguration section */
		C5B2EF032C1739EA008A9ABC /* Debug */ = {
			isa = XCBuildConfiguration;
			buildSettings = {
				ALWAYS_SEARCH_USER_PATHS = NO;
				ASSETCATALOG_COMPILER_GENERATE_SWIFT_ASSET_SYMBOL_EXTENSIONS = YES;
				CLANG_ANALYZER_NONNULL = YES;
				CLANG_ANALYZER_NUMBER_OBJECT_CONVERSION = YES_AGGRESSIVE;
				CLANG_CXX_LANGUAGE_STANDARD = "gnu++20";
				CLANG_ENABLE_MODULES = YES;
				CLANG_ENABLE_OBJC_ARC = YES;
				CLANG_ENABLE_OBJC_WEAK = YES;
				CLANG_WARN_BLOCK_CAPTURE_AUTORELEASING = YES;
				CLANG_WARN_BOOL_CONVERSION = YES;
				CLANG_WARN_COMMA = YES;
				CLANG_WARN_CONSTANT_CONVERSION = YES;
				CLANG_WARN_DEPRECATED_OBJC_IMPLEMENTATIONS = YES;
				CLANG_WARN_DIRECT_OBJC_ISA_USAGE = YES_ERROR;
				CLANG_WARN_DOCUMENTATION_COMMENTS = YES;
				CLANG_WARN_EMPTY_BODY = YES;
				CLANG_WARN_ENUM_CONVERSION = YES;
				CLANG_WARN_INFINITE_RECURSION = YES;
				CLANG_WARN_INT_CONVERSION = YES;
				CLANG_WARN_NON_LITERAL_NULL_CONVERSION = YES;
				CLANG_WARN_OBJC_IMPLICIT_RETAIN_SELF = YES;
				CLANG_WARN_OBJC_LITERAL_CONVERSION = YES;
				CLANG_WARN_OBJC_ROOT_CLASS = YES_ERROR;
				CLANG_WARN_QUOTED_INCLUDE_IN_FRAMEWORK_HEADER = YES;
				CLANG_WARN_RANGE_LOOP_ANALYSIS = YES;
				CLANG_WARN_STRICT_PROTOTYPES = YES;
				CLANG_WARN_SUSPICIOUS_MOVE = YES;
				CLANG_WARN_UNGUARDED_AVAILABILITY = YES_AGGRESSIVE;
				CLANG_WARN_UNREACHABLE_CODE = YES;
				CLANG_WARN__DUPLICATE_METHOD_MATCH = YES;
				COPY_PHASE_STRIP = NO;
				DEBUG_INFORMATION_FORMAT = dwarf;
				ENABLE_STRICT_OBJC_MSGSEND = YES;
				ENABLE_TESTABILITY = YES;
				ENABLE_USER_SCRIPT_SANDBOXING = YES;
				GCC_C_LANGUAGE_STANDARD = gnu17;
				GCC_DYNAMIC_NO_PIC = NO;
				GCC_NO_COMMON_BLOCKS = YES;
				GCC_OPTIMIZATION_LEVEL = 0;
				GCC_PREPROCESSOR_DEFINITIONS = (
					"DEBUG=1",
					"$(inherited)",
				);
				GCC_WARN_64_TO_32_BIT_CONVERSION = YES;
				GCC_WARN_ABOUT_RETURN_TYPE = YES_ERROR;
				GCC_WARN_UNDECLARED_SELECTOR = YES;
				GCC_WARN_UNINITIALIZED_AUTOS = YES_AGGRESSIVE;
				GCC_WARN_UNUSED_FUNCTION = YES;
				GCC_WARN_UNUSED_VARIABLE = YES;
				IPHONEOS_DEPLOYMENT_TARGET = 17.5;
				LOCALIZATION_PREFERS_STRING_CATALOGS = YES;
				MTL_ENABLE_DEBUG_INFO = INCLUDE_SOURCE;
				MTL_FAST_MATH = YES;
				ONLY_ACTIVE_ARCH = YES;
				SDKROOT = iphoneos;
				SWIFT_ACTIVE_COMPILATION_CONDITIONS = "DEBUG $(inherited)";
				SWIFT_OPTIMIZATION_LEVEL = "-Onone";
			};
			name = Debug;
		};
		C5B2EF042C1739EA008A9ABC /* Release */ = {
			isa = XCBuildConfiguration;
			buildSettings = {
				ALWAYS_SEARCH_USER_PATHS = NO;
				ASSETCATALOG_COMPILER_GENERATE_SWIFT_ASSET_SYMBOL_EXTENSIONS = YES;
				CLANG_ANALYZER_NONNULL = YES;
				CLANG_ANALYZER_NUMBER_OBJECT_CONVERSION = YES_AGGRESSIVE;
				CLANG_CXX_LANGUAGE_STANDARD = "gnu++20";
				CLANG_ENABLE_MODULES = YES;
				CLANG_ENABLE_OBJC_ARC = YES;
				CLANG_ENABLE_OBJC_WEAK = YES;
				CLANG_WARN_BLOCK_CAPTURE_AUTORELEASING = YES;
				CLANG_WARN_BOOL_CONVERSION = YES;
				CLANG_WARN_COMMA = YES;
				CLANG_WARN_CONSTANT_CONVERSION = YES;
				CLANG_WARN_DEPRECATED_OBJC_IMPLEMENTATIONS = YES;
				CLANG_WARN_DIRECT_OBJC_ISA_USAGE = YES_ERROR;
				CLANG_WARN_DOCUMENTATION_COMMENTS = YES;
				CLANG_WARN_EMPTY_BODY = YES;
				CLANG_WARN_ENUM_CONVERSION = YES;
				CLANG_WARN_INFINITE_RECURSION = YES;
				CLANG_WARN_INT_CONVERSION = YES;
				CLANG_WARN_NON_LITERAL_NULL_CONVERSION = YES;
				CLANG_WARN_OBJC_IMPLICIT_RETAIN_SELF = YES;
				CLANG_WARN_OBJC_LITERAL_CONVERSION = YES;
				CLANG_WARN_OBJC_ROOT_CLASS = YES_ERROR;
				CLANG_WARN_QUOTED_INCLUDE_IN_FRAMEWORK_HEADER = YES;
				CLANG_WARN_RANGE_LOOP_ANALYSIS = YES;
				CLANG_WARN_STRICT_PROTOTYPES = YES;
				CLANG_WARN_SUSPICIOUS_MOVE = YES;
				CLANG_WARN_UNGUARDED_AVAILABILITY = YES_AGGRESSIVE;
				CLANG_WARN_UNREACHABLE_CODE = YES;
				CLANG_WARN__DUPLICATE_METHOD_MATCH = YES;
				COPY_PHASE_STRIP = NO;
				DEBUG_INFORMATION_FORMAT = "dwarf-with-dsym";
				ENABLE_NS_ASSERTIONS = NO;
				ENABLE_STRICT_OBJC_MSGSEND = YES;
				ENABLE_USER_SCRIPT_SANDBOXING = YES;
				GCC_C_LANGUAGE_STANDARD = gnu17;
				GCC_NO_COMMON_BLOCKS = YES;
				GCC_WARN_64_TO_32_BIT_CONVERSION = YES;
				GCC_WARN_ABOUT_RETURN_TYPE = YES_ERROR;
				GCC_WARN_UNDECLARED_SELECTOR = YES;
				GCC_WARN_UNINITIALIZED_AUTOS = YES_AGGRESSIVE;
				GCC_WARN_UNUSED_FUNCTION = YES;
				GCC_WARN_UNUSED_VARIABLE = YES;
				IPHONEOS_DEPLOYMENT_TARGET = 17.5;
				LOCALIZATION_PREFERS_STRING_CATALOGS = YES;
				MTL_ENABLE_DEBUG_INFO = NO;
				MTL_FAST_MATH = YES;
				SDKROOT = iphoneos;
				SWIFT_COMPILATION_MODE = wholemodule;
				VALIDATE_PRODUCT = YES;
			};
			name = Release;
		};
		C5B2EF062C1739EA008A9ABC /* Debug */ = {
			isa = XCBuildConfiguration;
			buildSettings = {
				ASSETCATALOG_COMPILER_APPICON_NAME = AppIcon;
				ASSETCATALOG_COMPILER_GLOBAL_ACCENT_COLOR_NAME = AccentColor;
				CODE_SIGN_STYLE = Automatic;
				CURRENT_PROJECT_VERSION = 1;
				DEVELOPMENT_TEAM = 45GX59UTNT;
				GENERATE_INFOPLIST_FILE = YES;
				INFOPLIST_FILE = DevQuiz/Info.plist;
				INFOPLIST_KEY_UIApplicationSupportsIndirectInputEvents = YES;
				INFOPLIST_KEY_UILaunchStoryboardName = LaunchScreen;
				INFOPLIST_KEY_UISupportedInterfaceOrientations = UIInterfaceOrientationPortrait;
				INFOPLIST_KEY_UISupportedInterfaceOrientations_iPad = "UIInterfaceOrientationLandscapeLeft UIInterfaceOrientationLandscapeRight UIInterfaceOrientationPortrait UIInterfaceOrientationPortraitUpsideDown";
				IPHONEOS_DEPLOYMENT_TARGET = 16.0;
				LD_RUNPATH_SEARCH_PATHS = (
					"$(inherited)",
					"@executable_path/Frameworks",
				);
				MARKETING_VERSION = 1.0;
				PRODUCT_BUNDLE_IDENTIFIER = com.emmaderbe.DevQuiz;
				PRODUCT_NAME = "$(TARGET_NAME)";
				SUPPORTED_PLATFORMS = "iphoneos iphonesimulator";
				SUPPORTS_MACCATALYST = NO;
				SUPPORTS_MAC_DESIGNED_FOR_IPHONE_IPAD = NO;
				SUPPORTS_XR_DESIGNED_FOR_IPHONE_IPAD = NO;
				SWIFT_EMIT_LOC_STRINGS = YES;
				SWIFT_VERSION = 5.0;
				TARGETED_DEVICE_FAMILY = 1;
			};
			name = Debug;
		};
		C5B2EF072C1739EA008A9ABC /* Release */ = {
			isa = XCBuildConfiguration;
			buildSettings = {
				ASSETCATALOG_COMPILER_APPICON_NAME = AppIcon;
				ASSETCATALOG_COMPILER_GLOBAL_ACCENT_COLOR_NAME = AccentColor;
				CODE_SIGN_STYLE = Automatic;
				CURRENT_PROJECT_VERSION = 1;
				DEVELOPMENT_TEAM = 45GX59UTNT;
				GENERATE_INFOPLIST_FILE = YES;
				INFOPLIST_FILE = DevQuiz/Info.plist;
				INFOPLIST_KEY_UIApplicationSupportsIndirectInputEvents = YES;
				INFOPLIST_KEY_UILaunchStoryboardName = LaunchScreen;
				INFOPLIST_KEY_UISupportedInterfaceOrientations = UIInterfaceOrientationPortrait;
				INFOPLIST_KEY_UISupportedInterfaceOrientations_iPad = "UIInterfaceOrientationLandscapeLeft UIInterfaceOrientationLandscapeRight UIInterfaceOrientationPortrait UIInterfaceOrientationPortraitUpsideDown";
				IPHONEOS_DEPLOYMENT_TARGET = 16.0;
				LD_RUNPATH_SEARCH_PATHS = (
					"$(inherited)",
					"@executable_path/Frameworks",
				);
				MARKETING_VERSION = 1.0;
				PRODUCT_BUNDLE_IDENTIFIER = com.emmaderbe.DevQuiz;
				PRODUCT_NAME = "$(TARGET_NAME)";
				SUPPORTED_PLATFORMS = "iphoneos iphonesimulator";
				SUPPORTS_MACCATALYST = NO;
				SUPPORTS_MAC_DESIGNED_FOR_IPHONE_IPAD = NO;
				SUPPORTS_XR_DESIGNED_FOR_IPHONE_IPAD = NO;
				SWIFT_EMIT_LOC_STRINGS = YES;
				SWIFT_VERSION = 5.0;
				TARGETED_DEVICE_FAMILY = 1;
			};
			name = Release;
		};
/* End XCBuildConfiguration section */

/* Begin XCConfigurationList section */
		C5B2EEE92C1739E4008A9ABC /* Build configuration list for PBXProject "DevQuiz" */ = {
			isa = XCConfigurationList;
			buildConfigurations = (
				C5B2EF032C1739EA008A9ABC /* Debug */,
				C5B2EF042C1739EA008A9ABC /* Release */,
			);
			defaultConfigurationIsVisible = 0;
			defaultConfigurationName = Release;
		};
		C5B2EF052C1739EA008A9ABC /* Build configuration list for PBXNativeTarget "DevQuiz" */ = {
			isa = XCConfigurationList;
			buildConfigurations = (
				C5B2EF062C1739EA008A9ABC /* Debug */,
				C5B2EF072C1739EA008A9ABC /* Release */,
			);
			defaultConfigurationIsVisible = 0;
			defaultConfigurationName = Release;
		};
/* End XCConfigurationList section */

/* Begin XCVersionGroup section */
		C5B2EEFA2C1739E4008A9ABC /* DevQuiz.xcdatamodeld */ = {
			isa = XCVersionGroup;
			children = (
				C5B2EEFB2C1739E4008A9ABC /* DevQuiz.xcdatamodel */,
			);
			currentVersion = C5B2EEFB2C1739E4008A9ABC /* DevQuiz.xcdatamodel */;
			path = DevQuiz.xcdatamodeld;
			sourceTree = "<group>";
			versionGroupType = wrapper.xcdatamodel;
		};
/* End XCVersionGroup section */
	};
	rootObject = C5B2EEE62C1739E4008A9ABC /* Project object */;
}
